
Microsoft Visual Studio Solution File, Format Version 12.00
# Visual Studio 2013
VisualStudioVersion = 12.0.21005.1
MinimumVisualStudioVersion = 10.0.40219.1
Project("{FAE04EC0-301F-11D3-BF4B-00C04F79EFBC}") = "SearchForm", "SearchForm\SearchForm.csproj", "{E5C9713F-EE00-4954-8FAA-36535896D27C}"
EndProject
Project("{FAE04EC0-301F-11D3-BF4B-00C04F79EFBC}") = "DotNet.Utilities", "DotNet.Utilities\DotNet.Utilities.csproj", "{AD72A872-B335-4CE9-9CFB-B23418ED14AD}"
EndProject
Global
	GlobalSection(SolutionConfigurationPlatforms) = preSolution
		Debug|Any CPU = Debug|Any CPU
		Release|Any CPU = Release|Any CPU
	EndGlobalSection
	GlobalSection(ProjectConfigurationPlatforms) = postSolution
		{E5C9713F-EE00-4954-8FAA-36535896D27C}.Debug|Any CPU.ActiveCfg = Debug|Any CPU
		{E5C9713F-EE00-4954-8FAA-36535896D27C}.Debug|Any CPU.Build.0 = Debug|Any CPU
		{E5C9713F-EE00-4954-8FAA-36535896D27C}.Release|Any CPU.ActiveCfg = Release|Any CPU
		{E5C9713F-EE00-4954-8FAA-36535896D27C}.Release|Any CPU.Build.0 = Release|Any CPU
		{AD72A872-B335-4CE9-9CFB-B23418ED14AD}.Debug|Any CPU.ActiveCfg = Debug|Any CPU
		{AD72A872-B335-4CE9-9CFB-B23418ED14AD}.Debug|Any CPU.Build.0 = Debug|Any CPU
		{AD72A872-B335-4CE9-9CFB-B23418ED14AD}.Release|Any CPU.ActiveCfg = Release|Any CPU
		{AD72A872-B335-4CE9-9CFB-B23418ED14AD}.Release|Any CPU.Build.0 = Release|Any CPU
	EndGlobalSection
	GlobalSection(SolutionProperties) = preSolution
		HideSolutionNode = FALSE
	EndGlobalSection
EndGlobal
